// !$*UTF8*$!
{
	archiveVersion = 1;
	classes = {
	};
	objectVersion = 50;
	objects = {

/* Begin PBXBuildFile section */
		DB3C4D922092967400B9296E /* AppDelegate.swift in Sources */ = {isa = PBXBuildFile; fileRef = DB3C4D912092967400B9296E /* AppDelegate.swift */; };
		DB3C4D942092967400B9296E /* HomeViewController.swift in Sources */ = {isa = PBXBuildFile; fileRef = DB3C4D932092967400B9296E /* HomeViewController.swift */; };
		DB3C4D972092967400B9296E /* Main.storyboard in Resources */ = {isa = PBXBuildFile; fileRef = DB3C4D952092967400B9296E /* Main.storyboard */; };
		DB3C4D992092967600B9296E /* Assets.xcassets in Resources */ = {isa = PBXBuildFile; fileRef = DB3C4D982092967600B9296E /* Assets.xcassets */; };
		DB3C4D9C2092967600B9296E /* LaunchScreen.storyboard in Resources */ = {isa = PBXBuildFile; fileRef = DB3C4D9A2092967600B9296E /* LaunchScreen.storyboard */; };
		DB449428209BC8F500BC2237 /* DummyController.swift in Sources */ = {isa = PBXBuildFile; fileRef = DB449427209BC8F500BC2237 /* DummyController.swift */; };
		DB44942A209BC98C00BC2237 /* CategoryCell.swift in Sources */ = {isa = PBXBuildFile; fileRef = DB449429209BC98C00BC2237 /* CategoryCell.swift */; };
		DB44942C209F675B00BC2237 /* ToDoItem.swift in Sources */ = {isa = PBXBuildFile; fileRef = DB44942B209F675B00BC2237 /* ToDoItem.swift */; };
		DB44942E20A0D8AD00BC2237 /* Date+Extensions.swift in Sources */ = {isa = PBXBuildFile; fileRef = DB44942D20A0D8AD00BC2237 /* Date+Extensions.swift */; };
		DBAA52C720A3E9EB00089B2A /* GradientLayer.swift in Sources */ = {isa = PBXBuildFile; fileRef = DBAA52C620A3E9EB00089B2A /* GradientLayer.swift */; };
		DBAA52CB20A3F92900089B2A /* GradientProgressBar.swift in Sources */ = {isa = PBXBuildFile; fileRef = DBAA52CA20A3F92900089B2A /* GradientProgressBar.swift */; };
		DBE1C89E20929C3200952F7A /* UIColor+Extensions.swift in Sources */ = {isa = PBXBuildFile; fileRef = DBE1C89D20929C3200952F7A /* UIColor+Extensions.swift */; };
		DBE1C8A220943ED800952F7A /* UIView+Extensions.swift in Sources */ = {isa = PBXBuildFile; fileRef = DBE1C8A120943ED800952F7A /* UIView+Extensions.swift */; };
		DBF7A06F20A60D31004265DE /* ToDoCategory.swift in Sources */ = {isa = PBXBuildFile; fileRef = DBF7A06E20A60D31004265DE /* ToDoCategory.swift */; };
/* End PBXBuildFile section */

/* Begin PBXFileReference section */
		DB3C4D8E2092967300B9296E /* OdotList.app */ = {isa = PBXFileReference; explicitFileType = wrapper.application; includeInIndex = 0; path = OdotList.app; sourceTree = BUILT_PRODUCTS_DIR; };
		DB3C4D912092967400B9296E /* AppDelegate.swift */ = {isa = PBXFileReference; lastKnownFileType = sourcecode.swift; path = AppDelegate.swift; sourceTree = "<group>"; };
		DB3C4D932092967400B9296E /* HomeViewController.swift */ = {isa = PBXFileReference; lastKnownFileType = sourcecode.swift; path = HomeViewController.swift; sourceTree = "<group>"; };
		DB3C4D962092967400B9296E /* Base */ = {isa = PBXFileReference; lastKnownFileType = file.storyboard; name = Base; path = Base.lproj/Main.storyboard; sourceTree = "<group>"; };
		DB3C4D982092967600B9296E /* Assets.xcassets */ = {isa = PBXFileReference; lastKnownFileType = folder.assetcatalog; path = Assets.xcassets; sourceTree = "<group>"; };
		DB3C4D9B2092967600B9296E /* Base */ = {isa = PBXFileReference; lastKnownFileType = file.storyboard; name = Base; path = Base.lproj/LaunchScreen.storyboard; sourceTree = "<group>"; };
		DB3C4D9D2092967600B9296E /* Info.plist */ = {isa = PBXFileReference; lastKnownFileType = text.plist.xml; path = Info.plist; sourceTree = "<group>"; };
		DB449427209BC8F500BC2237 /* DummyController.swift */ = {isa = PBXFileReference; lastKnownFileType = sourcecode.swift; path = DummyController.swift; sourceTree = "<group>"; };
		DB449429209BC98C00BC2237 /* CategoryCell.swift */ = {isa = PBXFileReference; lastKnownFileType = sourcecode.swift; path = CategoryCell.swift; sourceTree = "<group>"; };
		DB44942B209F675B00BC2237 /* ToDoItem.swift */ = {isa = PBXFileReference; lastKnownFileType = sourcecode.swift; path = ToDoItem.swift; sourceTree = "<group>"; };
		DB44942D20A0D8AD00BC2237 /* Date+Extensions.swift */ = {isa = PBXFileReference; lastKnownFileType = sourcecode.swift; path = "Date+Extensions.swift"; sourceTree = "<group>"; };
		DBAA52C620A3E9EB00089B2A /* GradientLayer.swift */ = {isa = PBXFileReference; fileEncoding = 4; lastKnownFileType = sourcecode.swift; path = GradientLayer.swift; sourceTree = "<group>"; };
		DBAA52CA20A3F92900089B2A /* GradientProgressBar.swift */ = {isa = PBXFileReference; lastKnownFileType = sourcecode.swift; path = GradientProgressBar.swift; sourceTree = "<group>"; };
		DBE1C89D20929C3200952F7A /* UIColor+Extensions.swift */ = {isa = PBXFileReference; lastKnownFileType = sourcecode.swift; path = "UIColor+Extensions.swift"; sourceTree = "<group>"; };
		DBE1C8A120943ED800952F7A /* UIView+Extensions.swift */ = {isa = PBXFileReference; lastKnownFileType = sourcecode.swift; path = "UIView+Extensions.swift"; sourceTree = "<group>"; };
		DBF7A06E20A60D31004265DE /* ToDoCategory.swift */ = {isa = PBXFileReference; fileEncoding = 4; lastKnownFileType = sourcecode.swift; path = ToDoCategory.swift; sourceTree = "<group>"; };
/* End PBXFileReference section */

/* Begin PBXFrameworksBuildPhase section */
		DB3C4D8B2092967300B9296E /* Frameworks */ = {
			isa = PBXFrameworksBuildPhase;
			buildActionMask = 2147483647;
			files = (
			);
			runOnlyForDeploymentPostprocessing = 0;
		};
/* End PBXFrameworksBuildPhase section */

/* Begin PBXGroup section */
		DB23E15520A2449F00F54133 /* Storyboards */ = {
			isa = PBXGroup;
			children = (
				DB3C4D952092967400B9296E /* Main.storyboard */,
				DB3C4D9A2092967600B9296E /* LaunchScreen.storyboard */,
			);
			path = Storyboards;
			sourceTree = "<group>";
		};
		DB3C4D852092967300B9296E = {
			isa = PBXGroup;
			children = (
				DB3C4D902092967300B9296E /* OdotList */,
				DB3C4D8F2092967300B9296E /* Products */,
			);
			sourceTree = "<group>";
		};
		DB3C4D8F2092967300B9296E /* Products */ = {
			isa = PBXGroup;
			children = (
				DB3C4D8E2092967300B9296E /* OdotList.app */,
			);
			name = Products;
			sourceTree = "<group>";
		};
		DB3C4D902092967300B9296E /* OdotList */ = {
			isa = PBXGroup;
			children = (
				DB3C4D912092967400B9296E /* AppDelegate.swift */,
				DB3C4D932092967400B9296E /* HomeViewController.swift */,
				DB449429209BC98C00BC2237 /* CategoryCell.swift */,
				DBAA52C620A3E9EB00089B2A /* GradientLayer.swift */,
				DBAA52CA20A3F92900089B2A /* GradientProgressBar.swift */,
				DB44942B209F675B00BC2237 /* ToDoItem.swift */,
				DBF7A06E20A60D31004265DE /* ToDoCategory.swift */,
				DB449427209BC8F500BC2237 /* DummyController.swift */,
				DBE1C8A320943EE600952F7A /* Extensions */,
				DB23E15520A2449F00F54133 /* Storyboards */,
				DB3C4D982092967600B9296E /* Assets.xcassets */,
				DB3C4D9D2092967600B9296E /* Info.plist */,
			);
			path = OdotList;
			sourceTree = "<group>";
		};
		DBE1C8A320943EE600952F7A /* Extensions */ = {
			isa = PBXGroup;
			children = (
				DBE1C89D20929C3200952F7A /* UIColor+Extensions.swift */,
				DB44942D20A0D8AD00BC2237 /* Date+Extensions.swift */,
				DBE1C8A120943ED800952F7A /* UIView+Extensions.swift */,
			);
			path = Extensions;
			sourceTree = "<group>";
		};
/* End PBXGroup section */

/* Begin PBXNativeTarget section */
		DB3C4D8D2092967300B9296E /* OdotList */ = {
			isa = PBXNativeTarget;
			buildConfigurationList = DB3C4DA02092967600B9296E /* Build configuration list for PBXNativeTarget "OdotList" */;
			buildPhases = (
				DB3C4D8A2092967300B9296E /* Sources */,
				DB3C4D8B2092967300B9296E /* Frameworks */,
				DB3C4D8C2092967300B9296E /* Resources */,
			);
			buildRules = (
			);
			dependencies = (
			);
			name = OdotList;
			productName = OdotList;
			productReference = DB3C4D8E2092967300B9296E /* OdotList.app */;
			productType = "com.apple.product-type.application";
		};
/* End PBXNativeTarget section */

/* Begin PBXProject section */
		DB3C4D862092967300B9296E /* Project object */ = {
			isa = PBXProject;
			attributes = {
				LastSwiftUpdateCheck = 0930;
				LastUpgradeCheck = 0930;
				ORGANIZATIONNAME = "Weijie Lin";
				TargetAttributes = {
					DB3C4D8D2092967300B9296E = {
						CreatedOnToolsVersion = 9.3;
					};
				};
			};
			buildConfigurationList = DB3C4D892092967300B9296E /* Build configuration list for PBXProject "OdotList" */;
			compatibilityVersion = "Xcode 9.3";
			developmentRegion = en;
			hasScannedForEncodings = 0;
			knownRegions = (
				en,
				Base,
			);
			mainGroup = DB3C4D852092967300B9296E;
			productRefGroup = DB3C4D8F2092967300B9296E /* Products */;
			projectDirPath = "";
			projectRoot = "";
			targets = (
				DB3C4D8D2092967300B9296E /* OdotList */,
			);
		};
/* End PBXProject section */

/* Begin PBXResourcesBuildPhase section */
		DB3C4D8C2092967300B9296E /* Resources */ = {
			isa = PBXResourcesBuildPhase;
			buildActionMask = 2147483647;
			files = (
				DB3C4D9C2092967600B9296E /* LaunchScreen.storyboard in Resources */,
				DB3C4D992092967600B9296E /* Assets.xcassets in Resources */,
				DB3C4D972092967400B9296E /* Main.storyboard in Resources */,
			);
			runOnlyForDeploymentPostprocessing = 0;
		};
/* End PBXResourcesBuildPhase section */

/* Begin PBXSourcesBuildPhase section */
		DB3C4D8A2092967300B9296E /* Sources */ = {
			isa = PBXSourcesBuildPhase;
			buildActionMask = 2147483647;
			files = (
				DBAA52CB20A3F92900089B2A /* GradientProgressBar.swift in Sources */,
				DB3C4D942092967400B9296E /* HomeViewController.swift in Sources */,
				DB449428209BC8F500BC2237 /* DummyController.swift in Sources */,
				DBF7A06F20A60D31004265DE /* ToDoCategory.swift in Sources */,
				DBAA52C720A3E9EB00089B2A /* GradientLayer.swift in Sources */,
				DB44942E20A0D8AD00BC2237 /* Date+Extensions.swift in Sources */,
				DB44942A209BC98C00BC2237 /* CategoryCell.swift in Sources */,
				DBE1C8A220943ED800952F7A /* UIView+Extensions.swift in Sources */,
				DBE1C89E20929C3200952F7A /* UIColor+Extensions.swift in Sources */,
				DB44942C209F675B00BC2237 /* ToDoItem.swift in Sources */,
				DB3C4D922092967400B9296E /* AppDelegate.swift in Sources */,
			);
			runOnlyForDeploymentPostprocessing = 0;
		};
/* End PBXSourcesBuildPhase section */

/* Begin PBXVariantGroup section */
		DB3C4D952092967400B9296E /* Main.storyboard */ = {
			isa = PBXVariantGroup;
			children = (
				DB3C4D962092967400B9296E /* Base */,
			);
			name = Main.storyboard;
			sourceTree = "<group>";
		};
		DB3C4D9A2092967600B9296E /* LaunchScreen.storyboard */ = {
			isa = PBXVariantGroup;
			children = (
				DB3C4D9B2092967600B9296E /* Base */,
			);
			name = LaunchScreen.storyboard;
			sourceTree = "<group>";
		};
/* End PBXVariantGroup section */

/* Begin XCBuildConfiguration section */
		DB3C4D9E2092967600B9296E /* Debug */ = {
			isa = XCBuildConfiguration;
			buildSettings = {
				ALWAYS_SEARCH_USER_PATHS = NO;
				CLANG_ANALYZER_NONNULL = YES;
				CLANG_ANALYZER_NUMBER_OBJECT_CONVERSION = YES_AGGRESSIVE;
				CLANG_CXX_LANGUAGE_STANDARD = "gnu++14";
				CLANG_CXX_LIBRARY = "libc++";
				CLANG_ENABLE_MODULES = YES;
				CLANG_ENABLE_OBJC_ARC = YES;
				CLANG_ENABLE_OBJC_WEAK = YES;
				CLANG_WARN_BLOCK_CAPTURE_AUTORELEASING = YES;
				CLANG_WARN_BOOL_CONVERSION = YES;
				CLANG_WARN_COMMA = YES;
				CLANG_WARN_CONSTANT_CONVERSION = YES;
				CLANG_WARN_DEPRECATED_OBJC_IMPLEMENTATIONS = YES;
				CLANG_WARN_DIRECT_OBJC_ISA_USAGE = YES_ERROR;
				CLANG_WARN_DOCUMENTATION_COMMENTS = YES;
				CLANG_WARN_EMPTY_BODY = YES;
				CLANG_WARN_ENUM_CONVERSION = YES;
				CLANG_WARN_INFINITE_RECURSION = YES;
				CLANG_WARN_INT_CONVERSION = YES;
				CLANG_WARN_NON_LITERAL_NULL_CONVERSION = YES;
				CLANG_WARN_OBJC_IMPLICIT_RETAIN_SELF = YES;
				CLANG_WARN_OBJC_LITERAL_CONVERSION = YES;
				CLANG_WARN_OBJC_ROOT_CLASS = YES_ERROR;
				CLANG_WARN_RANGE_LOOP_ANALYSIS = YES;
				CLANG_WARN_STRICT_PROTOTYPES = YES;
				CLANG_WARN_SUSPICIOUS_MOVE = YES;
				CLANG_WARN_UNGUARDED_AVAILABILITY = YES_AGGRESSIVE;
				CLANG_WARN_UNREACHABLE_CODE = YES;
				CLANG_WARN__DUPLICATE_METHOD_MATCH = YES;
				CODE_SIGN_IDENTITY = "iPhone Developer";
				COPY_PHASE_STRIP = NO;
				DEBUG_INFORMATION_FORMAT = dwarf;
				ENABLE_STRICT_OBJC_MSGSEND = YES;
				ENABLE_TESTABILITY = YES;
				GCC_C_LANGUAGE_STANDARD = gnu11;
				GCC_DYNAMIC_NO_PIC = NO;
				GCC_NO_COMMON_BLOCKS = YES;
				GCC_OPTIMIZATION_LEVEL = 0;
				GCC_PREPROCESSOR_DEFINITIONS = (
					"DEBUG=1",
					"$(inherited)",
				);
				GCC_WARN_64_TO_32_BIT_CONVERSION = YES;
				GCC_WARN_ABOUT_RETURN_TYPE = YES_ERROR;
				GCC_WARN_UNDECLARED_SELECTOR = YES;
				GCC_WARN_UNINITIALIZED_AUTOS = YES_AGGRESSIVE;
				GCC_WARN_UNUSED_FUNCTION = YES;
				GCC_WARN_UNUSED_VARIABLE = YES;
				IPHONEOS_DEPLOYMENT_TARGET = 11.3;
				MTL_ENABLE_DEBUG_INFO = YES;
				ONLY_ACTIVE_ARCH = YES;
				SDKROOT = iphoneos;
				SWIFT_ACTIVE_COMPILATION_CONDITIONS = DEBUG;
				SWIFT_OPTIMIZATION_LEVEL = "-Onone";
			};
			name = Debug;
		};
		DB3C4D9F2092967600B9296E /* Release */ = {
			isa = XCBuildConfiguration;
			buildSettings = {
				ALWAYS_SEARCH_USER_PATHS = NO;
				CLANG_ANALYZER_NONNULL = YES;
				CLANG_ANALYZER_NUMBER_OBJECT_CONVERSION = YES_AGGRESSIVE;
				CLANG_CXX_LANGUAGE_STANDARD = "gnu++14";
				CLANG_CXX_LIBRARY = "libc++";
				CLANG_ENABLE_MODULES = YES;
				CLANG_ENABLE_OBJC_ARC = YES;
				CLANG_ENABLE_OBJC_WEAK = YES;
				CLANG_WARN_BLOCK_CAPTURE_AUTORELEASING = YES;
				CLANG_WARN_BOOL_CONVERSION = YES;
				CLANG_WARN_COMMA = YES;
				CLANG_WARN_CONSTANT_CONVERSION = YES;
				CLANG_WARN_DEPRECATED_OBJC_IMPLEMENTATIONS = YES;
				CLANG_WARN_DIRECT_OBJC_ISA_USAGE = YES_ERROR;
				CLANG_WARN_DOCUMENTATION_COMMENTS = YES;
				CLANG_WARN_EMPTY_BODY = YES;
				CLANG_WARN_ENUM_CONVERSION = YES;
				CLANG_WARN_INFINITE_RECURSION = YES;
				CLANG_WARN_INT_CONVERSION = YES;
				CLANG_WARN_NON_LITERAL_NULL_CONVERSION = YES;
				CLANG_WARN_OBJC_IMPLICIT_RETAIN_SELF = YES;
				CLANG_WARN_OBJC_LITERAL_CONVERSION = YES;
				CLANG_WARN_OBJC_ROOT_CLASS = YES_ERROR;
				CLANG_WARN_RANGE_LOOP_ANALYSIS = YES;
				CLANG_WARN_STRICT_PROTOTYPES = YES;
				CLANG_WARN_SUSPICIOUS_MOVE = YES;
				CLANG_WARN_UNGUARDED_AVAILABILITY = YES_AGGRESSIVE;
				CLANG_WARN_UNREACHABLE_CODE = YES;
				CLANG_WARN__DUPLICATE_METHOD_MATCH = YES;
				CODE_SIGN_IDENTITY = "iPhone Developer";
				COPY_PHASE_STRIP = NO;
				DEBUG_INFORMATION_FORMAT = "dwarf-with-dsym";
				ENABLE_NS_ASSERTIONS = NO;
				ENABLE_STRICT_OBJC_MSGSEND = YES;
				GCC_C_LANGUAGE_STANDARD = gnu11;
				GCC_NO_COMMON_BLOCKS = YES;
				GCC_WARN_64_TO_32_BIT_CONVERSION = YES;
				GCC_WARN_ABOUT_RETURN_TYPE = YES_ERROR;
				GCC_WARN_UNDECLARED_SELECTOR = YES;
				GCC_WARN_UNINITIALIZED_AUTOS = YES_AGGRESSIVE;
				GCC_WARN_UNUSED_FUNCTION = YES;
				GCC_WARN_UNUSED_VARIABLE = YES;
				IPHONEOS_DEPLOYMENT_TARGET = 11.3;
				MTL_ENABLE_DEBUG_INFO = NO;
				SDKROOT = iphoneos;
				SWIFT_COMPILATION_MODE = wholemodule;
				SWIFT_OPTIMIZATION_LEVEL = "-O";
				VALIDATE_PRODUCT = YES;
			};
			name = Release;
		};
		DB3C4DA12092967600B9296E /* Debug */ = {
			isa = XCBuildConfiguration;
			buildSettings = {
				ASSETCATALOG_COMPILER_APPICON_NAME = AppIcon;
				CODE_SIGN_STYLE = Automatic;
				DEVELOPMENT_TEAM = ZPWDFT65EV;
				INFOPLIST_FILE = OdotList/Info.plist;
				LD_RUNPATH_SEARCH_PATHS = (
					"$(inherited)",
					"@executable_path/Frameworks",
				);
				PRODUCT_BUNDLE_IDENTIFIER = me.weijielin.OdotList;
				PRODUCT_NAME = "$(TARGET_NAME)";
				SWIFT_VERSION = 4.0;
				TARGETED_DEVICE_FAMILY = "1,2";
			};
			name = Debug;
		};
		DB3C4DA22092967600B9296E /* Release */ = {
			isa = XCBuildConfiguration;
			buildSettings = {
				ASSETCATALOG_COMPILER_APPICON_NAME = AppIcon;
				CODE_SIGN_STYLE = Automatic;
				DEVELOPMENT_TEAM = ZPWDFT65EV;
				INFOPLIST_FILE = OdotList/Info.plist;
				LD_RUNPATH_SEARCH_PATHS = (
					"$(inherited)",
					"@executable_path/Frameworks",
				);
				PRODUCT_BUNDLE_IDENTIFIER = me.weijielin.OdotList;
				PRODUCT_NAME = "$(TARGET_NAME)";
				SWIFT_VERSION = 4.0;
				TARGETED_DEVICE_FAMILY = "1,2";
			};
			name = Release;
		};
/* End XCBuildConfiguration section */

/* Begin XCConfigurationList section */
		DB3C4D892092967300B9296E /* Build configuration list for PBXProject "OdotList" */ = {
			isa = XCConfigurationList;
			buildConfigurations = (
				DB3C4D9E2092967600B9296E /* Debug */,
				DB3C4D9F2092967600B9296E /* Release */,
			);
			defaultConfigurationIsVisible = 0;
			defaultConfigurationName = Release;
		};
		DB3C4DA02092967600B9296E /* Build configuration list for PBXNativeTarget "OdotList" */ = {
			isa = XCConfigurationList;
			buildConfigurations = (
				DB3C4DA12092967600B9296E /* Debug */,
				DB3C4DA22092967600B9296E /* Release */,
			);
			defaultConfigurationIsVisible = 0;
			defaultConfigurationName = Release;
		};
/* End XCConfigurationList section */
	};
	rootObject = DB3C4D862092967300B9296E /* Project object */;
}
